
Microsoft Visual Studio Solution File, Format Version 12.00
# Visual Studio Version 16
VisualStudioVersion = 16.0.30002.166
MinimumVisualStudioVersion = 10.0.40219.1
Project("{FAE04EC0-301F-11D3-BF4B-00C04F79EFBC}") = "GaleriUygulamasi", "GaleriUygulamasi\GaleriUygulamasi.csproj", "{F743DD45-F1E1-4499-AAEE-93B1F26F934C}"
EndProject
Global
	GlobalSection(SolutionConfigurationPlatforms) = preSolution
		Debug|Any CPU = Debug|Any CPU
		Release|Any CPU = Release|Any CPU
	EndGlobalSection
	GlobalSection(ProjectConfigurationPlatforms) = postSolution
		{F743DD45-F1E1-4499-AAEE-93B1F26F934C}.Debug|Any CPU.ActiveCfg = Debug|Any CPU
		{F743DD45-F1E1-4499-AAEE-93B1F26F934C}.Debug|Any CPU.Build.0 = Debug|Any CPU
		{F743DD45-F1E1-4499-AAEE-93B1F26F934C}.Release|Any CPU.ActiveCfg = Release|Any CPU
		{F743DD45-F1E1-4499-AAEE-93B1F26F934C}.Release|Any CPU.Build.0 = Release|Any CPU
	EndGlobalSection
	GlobalSection(SolutionProperties) = preSolution
		HideSolutionNode = FALSE
	EndGlobalSection
	GlobalSection(ExtensibilityGlobals) = postSolution
		SolutionGuid = {FDF9AFF8-1931-4863-8D0A-385D9E6EFC68}
	EndGlobalSection
EndGlobal
